{
  "name": "nodeassq3",
  "version": "1.0.0",
  "lockfileVersion": 2,
  "requires": true,
  "packages": {
    "": {
      "name": "nodeassq3",
      "version": "1.0.0",
      "license": "ISC",
      "dependencies": {
        "age-calculator": "^1.0.0",
        "findage": "^30.0.0"
      }
    },
    "node_modules/age-calculator": {
      "version": "1.0.0",
      "resolved": "https://registry.npmjs.org/age-calculator/-/age-calculator-1.0.0.tgz",
      "integrity": "sha512-3+vuEZXhfUpwl70cHJ/0g1r1nxVMzKjuOSuwXZdPRJ/z9vZMUj4/DfzkQwVABSaG0YEdr1zz6hlTR1g3lYvolg=="
    },
    "node_modules/findage": {
      "version": "30.0.0",
      "resolved": "https://registry.npmjs.org/findage/-/findage-30.0.0.tgz",
      "integrity": "sha512-ZtzQ88HhDuUqFQ6psJ9tnRedpZJncwDWzsJD9bATB/JI+GPwMps1x2OF29S33H26uuwGwV4SVpLFNVhrZ+ngFw=="
    }
  },
  "dependencies": {
    "age-calculator": {
      "version": "1.0.0",
      "resolved": "https://registry.npmjs.org/age-calculator/-/age-calculator-1.0.0.tgz",
      "integrity": "sha512-3+vuEZXhfUpwl70cHJ/0g1r1nxVMzKjuOSuwXZdPRJ/z9vZMUj4/DfzkQwVABSaG0YEdr1zz6hlTR1g3lYvolg=="
    },
    "findage": {
      "version": "30.0.0",
      "resolved": "https://registry.npmjs.org/findage/-/findage-30.0.0.tgz",
      "integrity": "sha512-ZtzQ88HhDuUqFQ6psJ9tnRedpZJncwDWzsJD9bATB/JI+GPwMps1x2OF29S33H26uuwGwV4SVpLFNVhrZ+ngFw=="
    }
  }
}
